{
  "name": "bitcoin",
  "version": "1.0.0",
  "lockfileVersion": 1,
  "requires": true,
  "dependencies": {
    "ccxt": {
      "version": "1.38.67",
      "resolved": "https://registry.npmjs.org/ccxt/-/ccxt-1.38.67.tgz",
      "integrity": "sha512-5mTlWPgtyFDHfhznAzvDXkqiGdyBLI+eq9RouN6+60Fz/t9vSftf1mxZAQiPXGWkDnaeAmXAQiK1DNbDgEXEGw=="
    }
  }
}
